
Microsoft Visual Studio Solution File, Format Version 12.00
# Visual Studio 15
VisualStudioVersion = 15.0.27130.2020
MinimumVisualStudioVersion = 10.0.40219.1
Project("{9A19103F-16F7-4668-BE54-9A1E7A4F7556}") = "OrderApp.Web", "OrderApp.Web\OrderApp.Web.csproj", "{D83D5AC0-7EE4-47E0-A9A5-E56ADD49C92C}"
EndProject
Project("{9A19103F-16F7-4668-BE54-9A1E7A4F7556}") = "OrderApp.Models", "OrderApp.Models\OrderApp.Models.csproj", "{770D8007-9700-42CD-AE47-47C810E4D0B2}"
EndProject
Project("{9A19103F-16F7-4668-BE54-9A1E7A4F7556}") = "OrderApp.DataAccess", "OrderApp.DataAccess\OrderApp.DataAccess.csproj", "{1B0F3A5D-CE30-404E-9DD5-C846D8E97E36}"
EndProject
Project("{9A19103F-16F7-4668-BE54-9A1E7A4F7556}") = "OrderApp.Framework", "OrderApp.Framework\OrderApp.Framework.csproj", "{194CFA20-31F7-4970-8ACC-7361667EECC3}"
EndProject
Project("{FAE04EC0-301F-11D3-BF4B-00C04F79EFBC}") = "OrderApp.Tests", "OrderApp.Tests\OrderApp.Tests.csproj", "{0930C1C3-65A8-489E-BDEA-916F64203312}"
EndProject
Global
	GlobalSection(SolutionConfigurationPlatforms) = preSolution
		Debug|Any CPU = Debug|Any CPU
		Release|Any CPU = Release|Any CPU
	EndGlobalSection
	GlobalSection(ProjectConfigurationPlatforms) = postSolution
		{D83D5AC0-7EE4-47E0-A9A5-E56ADD49C92C}.Debug|Any CPU.ActiveCfg = Debug|Any CPU
		{D83D5AC0-7EE4-47E0-A9A5-E56ADD49C92C}.Debug|Any CPU.Build.0 = Debug|Any CPU
		{D83D5AC0-7EE4-47E0-A9A5-E56ADD49C92C}.Release|Any CPU.ActiveCfg = Release|Any CPU
		{D83D5AC0-7EE4-47E0-A9A5-E56ADD49C92C}.Release|Any CPU.Build.0 = Release|Any CPU
		{770D8007-9700-42CD-AE47-47C810E4D0B2}.Debug|Any CPU.ActiveCfg = Debug|Any CPU
		{770D8007-9700-42CD-AE47-47C810E4D0B2}.Debug|Any CPU.Build.0 = Debug|Any CPU
		{770D8007-9700-42CD-AE47-47C810E4D0B2}.Release|Any CPU.ActiveCfg = Release|Any CPU
		{770D8007-9700-42CD-AE47-47C810E4D0B2}.Release|Any CPU.Build.0 = Release|Any CPU
		{1B0F3A5D-CE30-404E-9DD5-C846D8E97E36}.Debug|Any CPU.ActiveCfg = Debug|Any CPU
		{1B0F3A5D-CE30-404E-9DD5-C846D8E97E36}.Debug|Any CPU.Build.0 = Debug|Any CPU
		{1B0F3A5D-CE30-404E-9DD5-C846D8E97E36}.Release|Any CPU.ActiveCfg = Release|Any CPU
		{1B0F3A5D-CE30-404E-9DD5-C846D8E97E36}.Release|Any CPU.Build.0 = Release|Any CPU
		{194CFA20-31F7-4970-8ACC-7361667EECC3}.Debug|Any CPU.ActiveCfg = Debug|Any CPU
		{194CFA20-31F7-4970-8ACC-7361667EECC3}.Debug|Any CPU.Build.0 = Debug|Any CPU
		{194CFA20-31F7-4970-8ACC-7361667EECC3}.Release|Any CPU.ActiveCfg = Release|Any CPU
		{194CFA20-31F7-4970-8ACC-7361667EECC3}.Release|Any CPU.Build.0 = Release|Any CPU
		{0930C1C3-65A8-489E-BDEA-916F64203312}.Debug|Any CPU.ActiveCfg = Debug|Any CPU
		{0930C1C3-65A8-489E-BDEA-916F64203312}.Debug|Any CPU.Build.0 = Debug|Any CPU
		{0930C1C3-65A8-489E-BDEA-916F64203312}.Release|Any CPU.ActiveCfg = Release|Any CPU
		{0930C1C3-65A8-489E-BDEA-916F64203312}.Release|Any CPU.Build.0 = Release|Any CPU
	EndGlobalSection
	GlobalSection(SolutionProperties) = preSolution
		HideSolutionNode = FALSE
	EndGlobalSection
	GlobalSection(ExtensibilityGlobals) = postSolution
		SolutionGuid = {7C82B0CB-855C-4BC0-960B-DB3E146EF8E2}
	EndGlobalSection
EndGlobal
